
Microsoft Visual Studio Solution File, Format Version 12.00
# Visual Studio Version 17
VisualStudioVersion = 17.0.31815.197
MinimumVisualStudioVersion = 10.0.40219.1
Project("{2150E333-8FDC-42A3-9474-1A3956D46DE8}") = "01_Libs", "01_Libs", "{20FDBC6A-C3CC-4AA4-8D83-E1BB4D328861}"
EndProject
Project("{2150E333-8FDC-42A3-9474-1A3956D46DE8}") = "02_POCO", "02_POCO", "{EEB04CDF-0988-43A3-9900-5772CAD49DC0}"
EndProject
Project("{2150E333-8FDC-42A3-9474-1A3956D46DE8}") = "03_DataAccess", "03_DataAccess", "{35D373DA-2152-4047-86CE-14A121F5E446}"
EndProject
Project("{2150E333-8FDC-42A3-9474-1A3956D46DE8}") = "04_Services", "04_Services", "{2A1FD9F1-839C-4DFF-9D74-457101368443}"
EndProject
Project("{2150E333-8FDC-42A3-9474-1A3956D46DE8}") = "05_Apps", "05_Apps", "{4391F598-41C0-4718-94AA-1D93B06006CC}"
EndProject
Project("{2150E333-8FDC-42A3-9474-1A3956D46DE8}") = "06_Tests", "06_Tests", "{8BF311DB-19D9-412E-9ACE-BAC5801D6D48}"
EndProject
Project("{2150E333-8FDC-42A3-9474-1A3956D46DE8}") = "HardwareInterfaces", "HardwareInterfaces", "{D3033767-A96B-44F6-8417-3EF446A887D3}"
EndProject
Project("{2150E333-8FDC-42A3-9474-1A3956D46DE8}") = "HardwareClasses", "HardwareClasses", "{2ED3FB8E-E22D-4317-A7EB-6904E1AE5928}"
EndProject
Project("{2150E333-8FDC-42A3-9474-1A3956D46DE8}") = "StageStorage", "StageStorage", "{3E74D2E6-F490-43CA-945E-41BB93639673}"
EndProject
Project("{2150E333-8FDC-42A3-9474-1A3956D46DE8}") = "StageReader", "StageReader", "{8CC4E526-C278-4E54-A143-58D062073421}"
EndProject
Project("{2150E333-8FDC-42A3-9474-1A3956D46DE8}") = "StageReportGeneration", "StageReportGeneration", "{D8417445-D3E9-4BD4-80C3-CD85A6E95A6C}"
EndProject
Project("{9A19103F-16F7-4668-BE54-9A1E7A4F7556}") = "Comet.Lib.CoreLib", "Comet.Lib.CoreLib\Comet.Lib.CoreLib.csproj", "{4C9EFBAC-1479-4A61-A719-2CF898FE1D74}"
	ProjectSection(ProjectDependencies) = postProject
		{82EB34FB-36FF-4EEB-86E0-B4B90015943A} = {82EB34FB-36FF-4EEB-86E0-B4B90015943A}
	EndProjectSection
EndProject
Project("{9A19103F-16F7-4668-BE54-9A1E7A4F7556}") = "Comet.DesktopMessages", "Comet.DesktopMessages\Comet.DesktopMessages.csproj", "{D724D26B-1C4F-4044-B8C4-033FE9ECFADC}"
EndProject
Project("{9A19103F-16F7-4668-BE54-9A1E7A4F7556}") = "Comet.Services.Reader", "Comet.Services.Reader\Comet.Services.Reader.csproj", "{742CE13E-9A4A-48C0-A330-9383EE5F2ECF}"
	ProjectSection(ProjectDependencies) = postProject
		{4C9EFBAC-1479-4A61-A719-2CF898FE1D74} = {4C9EFBAC-1479-4A61-A719-2CF898FE1D74}
		{82EB34FB-36FF-4EEB-86E0-B4B90015943A} = {82EB34FB-36FF-4EEB-86E0-B4B90015943A}
		{D724D26B-1C4F-4044-B8C4-033FE9ECFADC} = {D724D26B-1C4F-4044-B8C4-033FE9ECFADC}
	EndProjectSection
EndProject
Project("{9A19103F-16F7-4668-BE54-9A1E7A4F7556}") = "Comet.Tests", "Comet.Tests\Comet.Tests.csproj", "{9BDEA9FC-1D9C-4723-A70B-9F6E9141EFBD}"
	ProjectSection(ProjectDependencies) = postProject
		{4C9EFBAC-1479-4A61-A719-2CF898FE1D74} = {4C9EFBAC-1479-4A61-A719-2CF898FE1D74}
		{742CE13E-9A4A-48C0-A330-9383EE5F2ECF} = {742CE13E-9A4A-48C0-A330-9383EE5F2ECF}
		{82EB34FB-36FF-4EEB-86E0-B4B90015943A} = {82EB34FB-36FF-4EEB-86E0-B4B90015943A}
		{D724D26B-1C4F-4044-B8C4-033FE9ECFADC} = {D724D26B-1C4F-4044-B8C4-033FE9ECFADC}
	EndProjectSection
EndProject
Project("{9A19103F-16F7-4668-BE54-9A1E7A4F7556}") = "Comet.Lib.DotNetExtensions", "Comet.DotNetExtensions\Comet.Lib.DotNetExtensions.csproj", "{82EB34FB-36FF-4EEB-86E0-B4B90015943A}"
EndProject
Project("{FAE04EC0-301F-11D3-BF4B-00C04F79EFBC}") = "Comet.UI", "Comet.UI\Comet.UI.csproj", "{3570B899-92A2-4A1D-BC24-F949A7A8DE8B}"
	ProjectSection(ProjectDependencies) = postProject
		{4C9EFBAC-1479-4A61-A719-2CF898FE1D74} = {4C9EFBAC-1479-4A61-A719-2CF898FE1D74}
		{742CE13E-9A4A-48C0-A330-9383EE5F2ECF} = {742CE13E-9A4A-48C0-A330-9383EE5F2ECF}
		{82EB34FB-36FF-4EEB-86E0-B4B90015943A} = {82EB34FB-36FF-4EEB-86E0-B4B90015943A}
		{D724D26B-1C4F-4044-B8C4-033FE9ECFADC} = {D724D26B-1C4F-4044-B8C4-033FE9ECFADC}
	EndProjectSection
EndProject
Project("{9A19103F-16F7-4668-BE54-9A1E7A4F7556}") = "Comet.Apps.ReaderConsole", "Comet.Apps.ReaderConsole\Comet.Apps.ReaderConsole.csproj", "{4D23D59F-EE49-4741-B637-A4AB947801A0}"
	ProjectSection(ProjectDependencies) = postProject
		{4C9EFBAC-1479-4A61-A719-2CF898FE1D74} = {4C9EFBAC-1479-4A61-A719-2CF898FE1D74}
		{742CE13E-9A4A-48C0-A330-9383EE5F2ECF} = {742CE13E-9A4A-48C0-A330-9383EE5F2ECF}
		{82EB34FB-36FF-4EEB-86E0-B4B90015943A} = {82EB34FB-36FF-4EEB-86E0-B4B90015943A}
		{B1A9B32A-5797-4449-AFFB-80DB6F4F82F0} = {B1A9B32A-5797-4449-AFFB-80DB6F4F82F0}
		{D724D26B-1C4F-4044-B8C4-033FE9ECFADC} = {D724D26B-1C4F-4044-B8C4-033FE9ECFADC}
		{D8561F36-D006-40FB-8E0E-F276B195F166} = {D8561F36-D006-40FB-8E0E-F276B195F166}
	EndProjectSection
EndProject
Project("{2150E333-8FDC-42A3-9474-1A3956D46DE8}") = "WDICard", "WDICard", "{8A373C01-0B85-4154-B82B-8678DE817524}"
EndProject
Project("{2150E333-8FDC-42A3-9474-1A3956D46DE8}") = "WDICard", "WDICard", "{9605433F-0196-49AB-90DB-A5A78BD6E272}"
EndProject
Project("{9A19103F-16F7-4668-BE54-9A1E7A4F7556}") = "Comet.Data.Sqlite", "Comet.Data.Sqlite\Comet.Data.Sqlite.csproj", "{B1A9B32A-5797-4449-AFFB-80DB6F4F82F0}"
EndProject
Project("{9A19103F-16F7-4668-BE54-9A1E7A4F7556}") = "Comet.Lookups", "Comet.Lookups\Comet.Lookups.csproj", "{500C85AD-9C49-4AAC-A9E8-60F35F9BFF58}"
EndProject
Project("{9A19103F-16F7-4668-BE54-9A1E7A4F7556}") = "Comet.Data.Redis", "Comet.Data.Redis\Comet.Data.Redis.csproj", "{D8561F36-D006-40FB-8E0E-F276B195F166}"
EndProject
Global
	GlobalSection(SolutionConfigurationPlatforms) = preSolution
		Debug|Any CPU = Debug|Any CPU
		Debug|ARM = Debug|ARM
		Debug|ARM64 = Debug|ARM64
		Debug|x64 = Debug|x64
		Debug|x86 = Debug|x86
		Release|Any CPU = Release|Any CPU
		Release|ARM = Release|ARM
		Release|ARM64 = Release|ARM64
		Release|x64 = Release|x64
		Release|x86 = Release|x86
	EndGlobalSection
	GlobalSection(ProjectConfigurationPlatforms) = postSolution
		{4C9EFBAC-1479-4A61-A719-2CF898FE1D74}.Debug|Any CPU.ActiveCfg = Debug|Any CPU
		{4C9EFBAC-1479-4A61-A719-2CF898FE1D74}.Debug|Any CPU.Build.0 = Debug|Any CPU
		{4C9EFBAC-1479-4A61-A719-2CF898FE1D74}.Debug|ARM.ActiveCfg = Debug|Any CPU
		{4C9EFBAC-1479-4A61-A719-2CF898FE1D74}.Debug|ARM.Build.0 = Debug|Any CPU
		{4C9EFBAC-1479-4A61-A719-2CF898FE1D74}.Debug|ARM64.ActiveCfg = Debug|Any CPU
		{4C9EFBAC-1479-4A61-A719-2CF898FE1D74}.Debug|ARM64.Build.0 = Debug|Any CPU
		{4C9EFBAC-1479-4A61-A719-2CF898FE1D74}.Debug|x64.ActiveCfg = Debug|Any CPU
		{4C9EFBAC-1479-4A61-A719-2CF898FE1D74}.Debug|x64.Build.0 = Debug|Any CPU
		{4C9EFBAC-1479-4A61-A719-2CF898FE1D74}.Debug|x86.ActiveCfg = Debug|Any CPU
		{4C9EFBAC-1479-4A61-A719-2CF898FE1D74}.Debug|x86.Build.0 = Debug|Any CPU
		{4C9EFBAC-1479-4A61-A719-2CF898FE1D74}.Release|Any CPU.ActiveCfg = Release|Any CPU
		{4C9EFBAC-1479-4A61-A719-2CF898FE1D74}.Release|Any CPU.Build.0 = Release|Any CPU
		{4C9EFBAC-1479-4A61-A719-2CF898FE1D74}.Release|ARM.ActiveCfg = Release|Any CPU
		{4C9EFBAC-1479-4A61-A719-2CF898FE1D74}.Release|ARM.Build.0 = Release|Any CPU
		{4C9EFBAC-1479-4A61-A719-2CF898FE1D74}.Release|ARM64.ActiveCfg = Release|Any CPU
		{4C9EFBAC-1479-4A61-A719-2CF898FE1D74}.Release|ARM64.Build.0 = Release|Any CPU
		{4C9EFBAC-1479-4A61-A719-2CF898FE1D74}.Release|x64.ActiveCfg = Release|Any CPU
		{4C9EFBAC-1479-4A61-A719-2CF898FE1D74}.Release|x64.Build.0 = Release|Any CPU
		{4C9EFBAC-1479-4A61-A719-2CF898FE1D74}.Release|x86.ActiveCfg = Release|Any CPU
		{4C9EFBAC-1479-4A61-A719-2CF898FE1D74}.Release|x86.Build.0 = Release|Any CPU
		{D724D26B-1C4F-4044-B8C4-033FE9ECFADC}.Debug|Any CPU.ActiveCfg = Debug|Any CPU
		{D724D26B-1C4F-4044-B8C4-033FE9ECFADC}.Debug|Any CPU.Build.0 = Debug|Any CPU
		{D724D26B-1C4F-4044-B8C4-033FE9ECFADC}.Debug|ARM.ActiveCfg = Debug|Any CPU
		{D724D26B-1C4F-4044-B8C4-033FE9ECFADC}.Debug|ARM.Build.0 = Debug|Any CPU
		{D724D26B-1C4F-4044-B8C4-033FE9ECFADC}.Debug|ARM64.ActiveCfg = Debug|Any CPU
		{D724D26B-1C4F-4044-B8C4-033FE9ECFADC}.Debug|ARM64.Build.0 = Debug|Any CPU
		{D724D26B-1C4F-4044-B8C4-033FE9ECFADC}.Debug|x64.ActiveCfg = Debug|Any CPU
		{D724D26B-1C4F-4044-B8C4-033FE9ECFADC}.Debug|x64.Build.0 = Debug|Any CPU
		{D724D26B-1C4F-4044-B8C4-033FE9ECFADC}.Debug|x86.ActiveCfg = Debug|Any CPU
		{D724D26B-1C4F-4044-B8C4-033FE9ECFADC}.Debug|x86.Build.0 = Debug|Any CPU
		{D724D26B-1C4F-4044-B8C4-033FE9ECFADC}.Release|Any CPU.ActiveCfg = Release|Any CPU
		{D724D26B-1C4F-4044-B8C4-033FE9ECFADC}.Release|Any CPU.Build.0 = Release|Any CPU
		{D724D26B-1C4F-4044-B8C4-033FE9ECFADC}.Release|ARM.ActiveCfg = Release|Any CPU
		{D724D26B-1C4F-4044-B8C4-033FE9ECFADC}.Release|ARM.Build.0 = Release|Any CPU
		{D724D26B-1C4F-4044-B8C4-033FE9ECFADC}.Release|ARM64.ActiveCfg = Release|Any CPU
		{D724D26B-1C4F-4044-B8C4-033FE9ECFADC}.Release|ARM64.Build.0 = Release|Any CPU
		{D724D26B-1C4F-4044-B8C4-033FE9ECFADC}.Release|x64.ActiveCfg = Release|Any CPU
		{D724D26B-1C4F-4044-B8C4-033FE9ECFADC}.Release|x64.Build.0 = Release|Any CPU
		{D724D26B-1C4F-4044-B8C4-033FE9ECFADC}.Release|x86.ActiveCfg = Release|Any CPU
		{D724D26B-1C4F-4044-B8C4-033FE9ECFADC}.Release|x86.Build.0 = Release|Any CPU
		{742CE13E-9A4A-48C0-A330-9383EE5F2ECF}.Debug|Any CPU.ActiveCfg = Debug|Any CPU
		{742CE13E-9A4A-48C0-A330-9383EE5F2ECF}.Debug|Any CPU.Build.0 = Debug|Any CPU
		{742CE13E-9A4A-48C0-A330-9383EE5F2ECF}.Debug|ARM.ActiveCfg = Debug|Any CPU
		{742CE13E-9A4A-48C0-A330-9383EE5F2ECF}.Debug|ARM.Build.0 = Debug|Any CPU
		{742CE13E-9A4A-48C0-A330-9383EE5F2ECF}.Debug|ARM64.ActiveCfg = Debug|Any CPU
		{742CE13E-9A4A-48C0-A330-9383EE5F2ECF}.Debug|ARM64.Build.0 = Debug|Any CPU
		{742CE13E-9A4A-48C0-A330-9383EE5F2ECF}.Debug|x64.ActiveCfg = Debug|Any CPU
		{742CE13E-9A4A-48C0-A330-9383EE5F2ECF}.Debug|x64.Build.0 = Debug|Any CPU
		{742CE13E-9A4A-48C0-A330-9383EE5F2ECF}.Debug|x86.ActiveCfg = Debug|Any CPU
		{742CE13E-9A4A-48C0-A330-9383EE5F2ECF}.Debug|x86.Build.0 = Debug|Any CPU
		{742CE13E-9A4A-48C0-A330-9383EE5F2ECF}.Release|Any CPU.ActiveCfg = Release|Any CPU
		{742CE13E-9A4A-48C0-A330-9383EE5F2ECF}.Release|Any CPU.Build.0 = Release|Any CPU
		{742CE13E-9A4A-48C0-A330-9383EE5F2ECF}.Release|ARM.ActiveCfg = Release|Any CPU
		{742CE13E-9A4A-48C0-A330-9383EE5F2ECF}.Release|ARM.Build.0 = Release|Any CPU
		{742CE13E-9A4A-48C0-A330-9383EE5F2ECF}.Release|ARM64.ActiveCfg = Release|Any CPU
		{742CE13E-9A4A-48C0-A330-9383EE5F2ECF}.Release|ARM64.Build.0 = Release|Any CPU
		{742CE13E-9A4A-48C0-A330-9383EE5F2ECF}.Release|x64.ActiveCfg = Release|Any CPU
		{742CE13E-9A4A-48C0-A330-9383EE5F2ECF}.Release|x64.Build.0 = Release|Any CPU
		{742CE13E-9A4A-48C0-A330-9383EE5F2ECF}.Release|x86.ActiveCfg = Release|Any CPU
		{742CE13E-9A4A-48C0-A330-9383EE5F2ECF}.Release|x86.Build.0 = Release|Any CPU
		{9BDEA9FC-1D9C-4723-A70B-9F6E9141EFBD}.Debug|Any CPU.ActiveCfg = Debug|Any CPU
		{9BDEA9FC-1D9C-4723-A70B-9F6E9141EFBD}.Debug|Any CPU.Build.0 = Debug|Any CPU
		{9BDEA9FC-1D9C-4723-A70B-9F6E9141EFBD}.Debug|ARM.ActiveCfg = Debug|Any CPU
		{9BDEA9FC-1D9C-4723-A70B-9F6E9141EFBD}.Debug|ARM.Build.0 = Debug|Any CPU
		{9BDEA9FC-1D9C-4723-A70B-9F6E9141EFBD}.Debug|ARM64.ActiveCfg = Debug|Any CPU
		{9BDEA9FC-1D9C-4723-A70B-9F6E9141EFBD}.Debug|ARM64.Build.0 = Debug|Any CPU
		{9BDEA9FC-1D9C-4723-A70B-9F6E9141EFBD}.Debug|x64.ActiveCfg = Debug|Any CPU
		{9BDEA9FC-1D9C-4723-A70B-9F6E9141EFBD}.Debug|x64.Build.0 = Debug|Any CPU
		{9BDEA9FC-1D9C-4723-A70B-9F6E9141EFBD}.Debug|x86.ActiveCfg = Debug|Any CPU
		{9BDEA9FC-1D9C-4723-A70B-9F6E9141EFBD}.Debug|x86.Build.0 = Debug|Any CPU
		{9BDEA9FC-1D9C-4723-A70B-9F6E9141EFBD}.Release|Any CPU.ActiveCfg = Release|Any CPU
		{9BDEA9FC-1D9C-4723-A70B-9F6E9141EFBD}.Release|Any CPU.Build.0 = Release|Any CPU
		{9BDEA9FC-1D9C-4723-A70B-9F6E9141EFBD}.Release|ARM.ActiveCfg = Release|Any CPU
		{9BDEA9FC-1D9C-4723-A70B-9F6E9141EFBD}.Release|ARM.Build.0 = Release|Any CPU
		{9BDEA9FC-1D9C-4723-A70B-9F6E9141EFBD}.Release|ARM64.ActiveCfg = Release|Any CPU
		{9BDEA9FC-1D9C-4723-A70B-9F6E9141EFBD}.Release|ARM64.Build.0 = Release|Any CPU
		{9BDEA9FC-1D9C-4723-A70B-9F6E9141EFBD}.Release|x64.ActiveCfg = Release|Any CPU
		{9BDEA9FC-1D9C-4723-A70B-9F6E9141EFBD}.Release|x64.Build.0 = Release|Any CPU
		{9BDEA9FC-1D9C-4723-A70B-9F6E9141EFBD}.Release|x86.ActiveCfg = Release|Any CPU
		{9BDEA9FC-1D9C-4723-A70B-9F6E9141EFBD}.Release|x86.Build.0 = Release|Any CPU
		{82EB34FB-36FF-4EEB-86E0-B4B90015943A}.Debug|Any CPU.ActiveCfg = Debug|Any CPU
		{82EB34FB-36FF-4EEB-86E0-B4B90015943A}.Debug|Any CPU.Build.0 = Debug|Any CPU
		{82EB34FB-36FF-4EEB-86E0-B4B90015943A}.Debug|ARM.ActiveCfg = Debug|Any CPU
		{82EB34FB-36FF-4EEB-86E0-B4B90015943A}.Debug|ARM.Build.0 = Debug|Any CPU
		{82EB34FB-36FF-4EEB-86E0-B4B90015943A}.Debug|ARM64.ActiveCfg = Debug|Any CPU
		{82EB34FB-36FF-4EEB-86E0-B4B90015943A}.Debug|ARM64.Build.0 = Debug|Any CPU
		{82EB34FB-36FF-4EEB-86E0-B4B90015943A}.Debug|x64.ActiveCfg = Debug|Any CPU
		{82EB34FB-36FF-4EEB-86E0-B4B90015943A}.Debug|x64.Build.0 = Debug|Any CPU
		{82EB34FB-36FF-4EEB-86E0-B4B90015943A}.Debug|x86.ActiveCfg = Debug|Any CPU
		{82EB34FB-36FF-4EEB-86E0-B4B90015943A}.Debug|x86.Build.0 = Debug|Any CPU
		{82EB34FB-36FF-4EEB-86E0-B4B90015943A}.Release|Any CPU.ActiveCfg = Release|Any CPU
		{82EB34FB-36FF-4EEB-86E0-B4B90015943A}.Release|Any CPU.Build.0 = Release|Any CPU
		{82EB34FB-36FF-4EEB-86E0-B4B90015943A}.Release|ARM.ActiveCfg = Release|Any CPU
		{82EB34FB-36FF-4EEB-86E0-B4B90015943A}.Release|ARM.Build.0 = Release|Any CPU
		{82EB34FB-36FF-4EEB-86E0-B4B90015943A}.Release|ARM64.ActiveCfg = Release|Any CPU
		{82EB34FB-36FF-4EEB-86E0-B4B90015943A}.Release|ARM64.Build.0 = Release|Any CPU
		{82EB34FB-36FF-4EEB-86E0-B4B90015943A}.Release|x64.ActiveCfg = Release|Any CPU
		{82EB34FB-36FF-4EEB-86E0-B4B90015943A}.Release|x64.Build.0 = Release|Any CPU
		{82EB34FB-36FF-4EEB-86E0-B4B90015943A}.Release|x86.ActiveCfg = Release|Any CPU
		{82EB34FB-36FF-4EEB-86E0-B4B90015943A}.Release|x86.Build.0 = Release|Any CPU
		{3570B899-92A2-4A1D-BC24-F949A7A8DE8B}.Debug|Any CPU.ActiveCfg = Debug|x64
		{3570B899-92A2-4A1D-BC24-F949A7A8DE8B}.Debug|Any CPU.Build.0 = Debug|x64
		{3570B899-92A2-4A1D-BC24-F949A7A8DE8B}.Debug|Any CPU.Deploy.0 = Debug|x64
		{3570B899-92A2-4A1D-BC24-F949A7A8DE8B}.Debug|ARM.ActiveCfg = Debug|ARM
		{3570B899-92A2-4A1D-BC24-F949A7A8DE8B}.Debug|ARM.Build.0 = Debug|ARM
		{3570B899-92A2-4A1D-BC24-F949A7A8DE8B}.Debug|ARM.Deploy.0 = Debug|ARM
		{3570B899-92A2-4A1D-BC24-F949A7A8DE8B}.Debug|ARM64.ActiveCfg = Debug|ARM64
		{3570B899-92A2-4A1D-BC24-F949A7A8DE8B}.Debug|ARM64.Build.0 = Debug|ARM64
		{3570B899-92A2-4A1D-BC24-F949A7A8DE8B}.Debug|ARM64.Deploy.0 = Debug|ARM64
		{3570B899-92A2-4A1D-BC24-F949A7A8DE8B}.Debug|x64.ActiveCfg = Debug|x64
		{3570B899-92A2-4A1D-BC24-F949A7A8DE8B}.Debug|x64.Build.0 = Debug|x64
		{3570B899-92A2-4A1D-BC24-F949A7A8DE8B}.Debug|x64.Deploy.0 = Debug|x64
		{3570B899-92A2-4A1D-BC24-F949A7A8DE8B}.Debug|x86.ActiveCfg = Debug|x86
		{3570B899-92A2-4A1D-BC24-F949A7A8DE8B}.Debug|x86.Build.0 = Debug|x86
		{3570B899-92A2-4A1D-BC24-F949A7A8DE8B}.Debug|x86.Deploy.0 = Debug|x86
		{3570B899-92A2-4A1D-BC24-F949A7A8DE8B}.Release|Any CPU.ActiveCfg = Release|x64
		{3570B899-92A2-4A1D-BC24-F949A7A8DE8B}.Release|Any CPU.Build.0 = Release|x64
		{3570B899-92A2-4A1D-BC24-F949A7A8DE8B}.Release|Any CPU.Deploy.0 = Release|x64
		{3570B899-92A2-4A1D-BC24-F949A7A8DE8B}.Release|ARM.ActiveCfg = Release|ARM
		{3570B899-92A2-4A1D-BC24-F949A7A8DE8B}.Release|ARM.Build.0 = Release|ARM
		{3570B899-92A2-4A1D-BC24-F949A7A8DE8B}.Release|ARM.Deploy.0 = Release|ARM
		{3570B899-92A2-4A1D-BC24-F949A7A8DE8B}.Release|ARM64.ActiveCfg = Release|ARM64
		{3570B899-92A2-4A1D-BC24-F949A7A8DE8B}.Release|ARM64.Build.0 = Release|ARM64
		{3570B899-92A2-4A1D-BC24-F949A7A8DE8B}.Release|ARM64.Deploy.0 = Release|ARM64
		{3570B899-92A2-4A1D-BC24-F949A7A8DE8B}.Release|x64.ActiveCfg = Release|x64
		{3570B899-92A2-4A1D-BC24-F949A7A8DE8B}.Release|x64.Build.0 = Release|x64
		{3570B899-92A2-4A1D-BC24-F949A7A8DE8B}.Release|x64.Deploy.0 = Release|x64
		{3570B899-92A2-4A1D-BC24-F949A7A8DE8B}.Release|x86.ActiveCfg = Release|x86
		{3570B899-92A2-4A1D-BC24-F949A7A8DE8B}.Release|x86.Build.0 = Release|x86
		{3570B899-92A2-4A1D-BC24-F949A7A8DE8B}.Release|x86.Deploy.0 = Release|x86
		{4D23D59F-EE49-4741-B637-A4AB947801A0}.Debug|Any CPU.ActiveCfg = Debug|Any CPU
		{4D23D59F-EE49-4741-B637-A4AB947801A0}.Debug|Any CPU.Build.0 = Debug|Any CPU
		{4D23D59F-EE49-4741-B637-A4AB947801A0}.Debug|ARM.ActiveCfg = Debug|Any CPU
		{4D23D59F-EE49-4741-B637-A4AB947801A0}.Debug|ARM.Build.0 = Debug|Any CPU
		{4D23D59F-EE49-4741-B637-A4AB947801A0}.Debug|ARM64.ActiveCfg = Debug|Any CPU
		{4D23D59F-EE49-4741-B637-A4AB947801A0}.Debug|ARM64.Build.0 = Debug|Any CPU
		{4D23D59F-EE49-4741-B637-A4AB947801A0}.Debug|x64.ActiveCfg = Debug|Any CPU
		{4D23D59F-EE49-4741-B637-A4AB947801A0}.Debug|x64.Build.0 = Debug|Any CPU
		{4D23D59F-EE49-4741-B637-A4AB947801A0}.Debug|x86.ActiveCfg = Debug|Any CPU
		{4D23D59F-EE49-4741-B637-A4AB947801A0}.Debug|x86.Build.0 = Debug|Any CPU
		{4D23D59F-EE49-4741-B637-A4AB947801A0}.Release|Any CPU.ActiveCfg = Release|Any CPU
		{4D23D59F-EE49-4741-B637-A4AB947801A0}.Release|Any CPU.Build.0 = Release|Any CPU
		{4D23D59F-EE49-4741-B637-A4AB947801A0}.Release|ARM.ActiveCfg = Release|Any CPU
		{4D23D59F-EE49-4741-B637-A4AB947801A0}.Release|ARM.Build.0 = Release|Any CPU
		{4D23D59F-EE49-4741-B637-A4AB947801A0}.Release|ARM64.ActiveCfg = Release|Any CPU
		{4D23D59F-EE49-4741-B637-A4AB947801A0}.Release|ARM64.Build.0 = Release|Any CPU
		{4D23D59F-EE49-4741-B637-A4AB947801A0}.Release|x64.ActiveCfg = Release|Any CPU
		{4D23D59F-EE49-4741-B637-A4AB947801A0}.Release|x64.Build.0 = Release|Any CPU
		{4D23D59F-EE49-4741-B637-A4AB947801A0}.Release|x86.ActiveCfg = Release|Any CPU
		{4D23D59F-EE49-4741-B637-A4AB947801A0}.Release|x86.Build.0 = Release|Any CPU
		{B1A9B32A-5797-4449-AFFB-80DB6F4F82F0}.Debug|Any CPU.ActiveCfg = Debug|Any CPU
		{B1A9B32A-5797-4449-AFFB-80DB6F4F82F0}.Debug|Any CPU.Build.0 = Debug|Any CPU
		{B1A9B32A-5797-4449-AFFB-80DB6F4F82F0}.Debug|ARM.ActiveCfg = Debug|Any CPU
		{B1A9B32A-5797-4449-AFFB-80DB6F4F82F0}.Debug|ARM.Build.0 = Debug|Any CPU
		{B1A9B32A-5797-4449-AFFB-80DB6F4F82F0}.Debug|ARM64.ActiveCfg = Debug|Any CPU
		{B1A9B32A-5797-4449-AFFB-80DB6F4F82F0}.Debug|ARM64.Build.0 = Debug|Any CPU
		{B1A9B32A-5797-4449-AFFB-80DB6F4F82F0}.Debug|x64.ActiveCfg = Debug|Any CPU
		{B1A9B32A-5797-4449-AFFB-80DB6F4F82F0}.Debug|x64.Build.0 = Debug|Any CPU
		{B1A9B32A-5797-4449-AFFB-80DB6F4F82F0}.Debug|x86.ActiveCfg = Debug|Any CPU
		{B1A9B32A-5797-4449-AFFB-80DB6F4F82F0}.Debug|x86.Build.0 = Debug|Any CPU
		{B1A9B32A-5797-4449-AFFB-80DB6F4F82F0}.Release|Any CPU.ActiveCfg = Release|Any CPU
		{B1A9B32A-5797-4449-AFFB-80DB6F4F82F0}.Release|Any CPU.Build.0 = Release|Any CPU
		{B1A9B32A-5797-4449-AFFB-80DB6F4F82F0}.Release|ARM.ActiveCfg = Release|Any CPU
		{B1A9B32A-5797-4449-AFFB-80DB6F4F82F0}.Release|ARM.Build.0 = Release|Any CPU
		{B1A9B32A-5797-4449-AFFB-80DB6F4F82F0}.Release|ARM64.ActiveCfg = Release|Any CPU
		{B1A9B32A-5797-4449-AFFB-80DB6F4F82F0}.Release|ARM64.Build.0 = Release|Any CPU
		{B1A9B32A-5797-4449-AFFB-80DB6F4F82F0}.Release|x64.ActiveCfg = Release|Any CPU
		{B1A9B32A-5797-4449-AFFB-80DB6F4F82F0}.Release|x64.Build.0 = Release|Any CPU
		{B1A9B32A-5797-4449-AFFB-80DB6F4F82F0}.Release|x86.ActiveCfg = Release|Any CPU
		{B1A9B32A-5797-4449-AFFB-80DB6F4F82F0}.Release|x86.Build.0 = Release|Any CPU
		{500C85AD-9C49-4AAC-A9E8-60F35F9BFF58}.Debug|Any CPU.ActiveCfg = Debug|Any CPU
		{500C85AD-9C49-4AAC-A9E8-60F35F9BFF58}.Debug|Any CPU.Build.0 = Debug|Any CPU
		{500C85AD-9C49-4AAC-A9E8-60F35F9BFF58}.Debug|ARM.ActiveCfg = Debug|Any CPU
		{500C85AD-9C49-4AAC-A9E8-60F35F9BFF58}.Debug|ARM.Build.0 = Debug|Any CPU
		{500C85AD-9C49-4AAC-A9E8-60F35F9BFF58}.Debug|ARM64.ActiveCfg = Debug|Any CPU
		{500C85AD-9C49-4AAC-A9E8-60F35F9BFF58}.Debug|ARM64.Build.0 = Debug|Any CPU
		{500C85AD-9C49-4AAC-A9E8-60F35F9BFF58}.Debug|x64.ActiveCfg = Debug|Any CPU
		{500C85AD-9C49-4AAC-A9E8-60F35F9BFF58}.Debug|x64.Build.0 = Debug|Any CPU
		{500C85AD-9C49-4AAC-A9E8-60F35F9BFF58}.Debug|x86.ActiveCfg = Debug|Any CPU
		{500C85AD-9C49-4AAC-A9E8-60F35F9BFF58}.Debug|x86.Build.0 = Debug|Any CPU
		{500C85AD-9C49-4AAC-A9E8-60F35F9BFF58}.Release|Any CPU.ActiveCfg = Release|Any CPU
		{500C85AD-9C49-4AAC-A9E8-60F35F9BFF58}.Release|Any CPU.Build.0 = Release|Any CPU
		{500C85AD-9C49-4AAC-A9E8-60F35F9BFF58}.Release|ARM.ActiveCfg = Release|Any CPU
		{500C85AD-9C49-4AAC-A9E8-60F35F9BFF58}.Release|ARM.Build.0 = Release|Any CPU
		{500C85AD-9C49-4AAC-A9E8-60F35F9BFF58}.Release|ARM64.ActiveCfg = Release|Any CPU
		{500C85AD-9C49-4AAC-A9E8-60F35F9BFF58}.Release|ARM64.Build.0 = Release|Any CPU
		{500C85AD-9C49-4AAC-A9E8-60F35F9BFF58}.Release|x64.ActiveCfg = Release|Any CPU
		{500C85AD-9C49-4AAC-A9E8-60F35F9BFF58}.Release|x64.Build.0 = Release|Any CPU
		{500C85AD-9C49-4AAC-A9E8-60F35F9BFF58}.Release|x86.ActiveCfg = Release|Any CPU
		{500C85AD-9C49-4AAC-A9E8-60F35F9BFF58}.Release|x86.Build.0 = Release|Any CPU
		{D8561F36-D006-40FB-8E0E-F276B195F166}.Debug|Any CPU.ActiveCfg = Debug|Any CPU
		{D8561F36-D006-40FB-8E0E-F276B195F166}.Debug|Any CPU.Build.0 = Debug|Any CPU
		{D8561F36-D006-40FB-8E0E-F276B195F166}.Debug|ARM.ActiveCfg = Debug|Any CPU
		{D8561F36-D006-40FB-8E0E-F276B195F166}.Debug|ARM.Build.0 = Debug|Any CPU
		{D8561F36-D006-40FB-8E0E-F276B195F166}.Debug|ARM64.ActiveCfg = Debug|Any CPU
		{D8561F36-D006-40FB-8E0E-F276B195F166}.Debug|ARM64.Build.0 = Debug|Any CPU
		{D8561F36-D006-40FB-8E0E-F276B195F166}.Debug|x64.ActiveCfg = Debug|Any CPU
		{D8561F36-D006-40FB-8E0E-F276B195F166}.Debug|x64.Build.0 = Debug|Any CPU
		{D8561F36-D006-40FB-8E0E-F276B195F166}.Debug|x86.ActiveCfg = Debug|Any CPU
		{D8561F36-D006-40FB-8E0E-F276B195F166}.Debug|x86.Build.0 = Debug|Any CPU
		{D8561F36-D006-40FB-8E0E-F276B195F166}.Release|Any CPU.ActiveCfg = Release|Any CPU
		{D8561F36-D006-40FB-8E0E-F276B195F166}.Release|Any CPU.Build.0 = Release|Any CPU
		{D8561F36-D006-40FB-8E0E-F276B195F166}.Release|ARM.ActiveCfg = Release|Any CPU
		{D8561F36-D006-40FB-8E0E-F276B195F166}.Release|ARM.Build.0 = Release|Any CPU
		{D8561F36-D006-40FB-8E0E-F276B195F166}.Release|ARM64.ActiveCfg = Release|Any CPU
		{D8561F36-D006-40FB-8E0E-F276B195F166}.Release|ARM64.Build.0 = Release|Any CPU
		{D8561F36-D006-40FB-8E0E-F276B195F166}.Release|x64.ActiveCfg = Release|Any CPU
		{D8561F36-D006-40FB-8E0E-F276B195F166}.Release|x64.Build.0 = Release|Any CPU
		{D8561F36-D006-40FB-8E0E-F276B195F166}.Release|x86.ActiveCfg = Release|Any CPU
		{D8561F36-D006-40FB-8E0E-F276B195F166}.Release|x86.Build.0 = Release|Any CPU
	EndGlobalSection
	GlobalSection(SolutionProperties) = preSolution
		HideSolutionNode = FALSE
	EndGlobalSection
	GlobalSection(NestedProjects) = preSolution
		{D3033767-A96B-44F6-8417-3EF446A887D3} = {2A1FD9F1-839C-4DFF-9D74-457101368443}
		{2ED3FB8E-E22D-4317-A7EB-6904E1AE5928} = {2A1FD9F1-839C-4DFF-9D74-457101368443}
		{3E74D2E6-F490-43CA-945E-41BB93639673} = {2A1FD9F1-839C-4DFF-9D74-457101368443}
		{8CC4E526-C278-4E54-A143-58D062073421} = {2A1FD9F1-839C-4DFF-9D74-457101368443}
		{D8417445-D3E9-4BD4-80C3-CD85A6E95A6C} = {2A1FD9F1-839C-4DFF-9D74-457101368443}
		{4C9EFBAC-1479-4A61-A719-2CF898FE1D74} = {20FDBC6A-C3CC-4AA4-8D83-E1BB4D328861}
		{D724D26B-1C4F-4044-B8C4-033FE9ECFADC} = {EEB04CDF-0988-43A3-9900-5772CAD49DC0}
		{742CE13E-9A4A-48C0-A330-9383EE5F2ECF} = {8CC4E526-C278-4E54-A143-58D062073421}
		{9BDEA9FC-1D9C-4723-A70B-9F6E9141EFBD} = {8BF311DB-19D9-412E-9ACE-BAC5801D6D48}
		{82EB34FB-36FF-4EEB-86E0-B4B90015943A} = {20FDBC6A-C3CC-4AA4-8D83-E1BB4D328861}
		{3570B899-92A2-4A1D-BC24-F949A7A8DE8B} = {4391F598-41C0-4718-94AA-1D93B06006CC}
		{4D23D59F-EE49-4741-B637-A4AB947801A0} = {4391F598-41C0-4718-94AA-1D93B06006CC}
		{8A373C01-0B85-4154-B82B-8678DE817524} = {2ED3FB8E-E22D-4317-A7EB-6904E1AE5928}
		{9605433F-0196-49AB-90DB-A5A78BD6E272} = {D3033767-A96B-44F6-8417-3EF446A887D3}
		{B1A9B32A-5797-4449-AFFB-80DB6F4F82F0} = {35D373DA-2152-4047-86CE-14A121F5E446}
		{500C85AD-9C49-4AAC-A9E8-60F35F9BFF58} = {EEB04CDF-0988-43A3-9900-5772CAD49DC0}
		{D8561F36-D006-40FB-8E0E-F276B195F166} = {35D373DA-2152-4047-86CE-14A121F5E446}
	EndGlobalSection
	GlobalSection(ExtensibilityGlobals) = postSolution
		SolutionGuid = {84317F6B-9407-43AC-81EE-0D7F353228A1}
	EndGlobalSection
EndGlobal
